// !$*UTF8*$!
{
	archiveVersion = 1;
	classes = {
	};
	objectVersion = 77;
	objects = {

/* Begin PBXContainerItemProxy section */
		7DCC5EDE2CEC7BC8002108B0 /* PBXContainerItemProxy */ = {
			isa = PBXContainerItemProxy;
			containerPortal = 7DCC5EC42CEC7BC7002108B0 /* Project object */;
			proxyType = 1;
			remoteGlobalIDString = 7DCC5ECB2CEC7BC7002108B0;
			remoteInfo = Voxellian;
		};
		7DCC5EE82CEC7BC8002108B0 /* PBXContainerItemProxy */ = {
			isa = PBXContainerItemProxy;
			containerPortal = 7DCC5EC42CEC7BC7002108B0 /* Project object */;
			proxyType = 1;
			remoteGlobalIDString = 7DCC5ECB2CEC7BC7002108B0;
			remoteInfo = Voxellian;
		};
/* End PBXContainerItemProxy section */

/* Begin PBXFileReference section */
		7DCC5ECC2CEC7BC7002108B0 /* Voxellian.app */ = {isa = PBXFileReference; explicitFileType = wrapper.application; includeInIndex = 0; path = Voxellian.app; sourceTree = BUILT_PRODUCTS_DIR; };
		7DCC5EDD2CEC7BC8002108B0 /* VoxellianTests.xctest */ = {isa = PBXFileReference; explicitFileType = wrapper.cfbundle; includeInIndex = 0; path = VoxellianTests.xctest; sourceTree = BUILT_PRODUCTS_DIR; };
		7DCC5EE72CEC7BC8002108B0 /* VoxellianUITests.xctest */ = {isa = PBXFileReference; explicitFileType = wrapper.cfbundle; includeInIndex = 0; path = VoxellianUITests.xctest; sourceTree = BUILT_PRODUCTS_DIR; };
/* End PBXFileReference section */

/* Begin PBXFileSystemSynchronizedRootGroup section */
		7DCC5ECE2CEC7BC7002108B0 /* Voxellian */ = {
			isa = PBXFileSystemSynchronizedRootGroup;
			path = Voxellian;
			sourceTree = "<group>";
		};
		7DCC5EE02CEC7BC8002108B0 /* VoxellianTests */ = {
			isa = PBXFileSystemSynchronizedRootGroup;
			path = VoxellianTests;
			sourceTree = "<group>";
		};
		7DCC5EEA2CEC7BC8002108B0 /* VoxellianUITests */ = {
			isa = PBXFileSystemSynchronizedRootGroup;
			path = VoxellianUITests;
			sourceTree = "<group>";
		};
/* End PBXFileSystemSynchronizedRootGroup section */

/* Begin PBXFrameworksBuildPhase section */
		7DCC5EC92CEC7BC7002108B0 /* Frameworks */ = {
			isa = PBXFrameworksBuildPhase;
			buildActionMask = 2147483647;
			files = (
			);
			runOnlyForDeploymentPostprocessing = 0;
		};
		7DCC5EDA2CEC7BC8002108B0 /* Frameworks */ = {
			isa = PBXFrameworksBuildPhase;
			buildActionMask = 2147483647;
			files = (
			);
			runOnlyForDeploymentPostprocessing = 0;
		};
		7DCC5EE42CEC7BC8002108B0 /* Frameworks */ = {
			isa = PBXFrameworksBuildPhase;
			buildActionMask = 2147483647;
			files = (
			);
			runOnlyForDeploymentPostprocessing = 0;
		};
/* End PBXFrameworksBuildPhase section */

/* Begin PBXGroup section */
		7DCC5EC32CEC7BC7002108B0 = {
			isa = PBXGroup;
			children = (
				7DCC5ECE2CEC7BC7002108B0 /* Voxellian */,
				7DCC5EE02CEC7BC8002108B0 /* VoxellianTests */,
				7DCC5EEA2CEC7BC8002108B0 /* VoxellianUITests */,
				7DCC5ECD2CEC7BC7002108B0 /* Products */,
			);
			sourceTree = "<group>";
		};
		7DCC5ECD2CEC7BC7002108B0 /* Products */ = {
			isa = PBXGroup;
			children = (
				7DCC5ECC2CEC7BC7002108B0 /* Voxellian.app */,
				7DCC5EDD2CEC7BC8002108B0 /* VoxellianTests.xctest */,
				7DCC5EE72CEC7BC8002108B0 /* VoxellianUITests.xctest */,
			);
			name = Products;
			sourceTree = "<group>";
		};
/* End PBXGroup section */

/* Begin PBXNativeTarget section */
		7DCC5ECB2CEC7BC7002108B0 /* Voxellian */ = {
			isa = PBXNativeTarget;
			buildConfigurationList = 7DCC5EF12CEC7BC8002108B0 /* Build configuration list for PBXNativeTarget "Voxellian" */;
			buildPhases = (
				7DCC5EC82CEC7BC7002108B0 /* Sources */,
				7DCC5EC92CEC7BC7002108B0 /* Frameworks */,
				7DCC5ECA2CEC7BC7002108B0 /* Resources */,
			);
			buildRules = (
			);
			dependencies = (
			);
			fileSystemSynchronizedGroups = (
				7DCC5ECE2CEC7BC7002108B0 /* Voxellian */,
			);
			name = Voxellian;
			packageProductDependencies = (
			);
			productName = Voxellian;
			productReference = 7DCC5ECC2CEC7BC7002108B0 /* Voxellian.app */;
			productType = "com.apple.product-type.application";
		};
		7DCC5EDC2CEC7BC8002108B0 /* VoxellianTests */ = {
			isa = PBXNativeTarget;
			buildConfigurationList = 7DCC5EF42CEC7BC8002108B0 /* Build configuration list for PBXNativeTarget "VoxellianTests" */;
			buildPhases = (
				7DCC5ED92CEC7BC8002108B0 /* Sources */,
				7DCC5EDA2CEC7BC8002108B0 /* Frameworks */,
				7DCC5EDB2CEC7BC8002108B0 /* Resources */,
			);
			buildRules = (
			);
			dependencies = (
				7DCC5EDF2CEC7BC8002108B0 /* PBXTargetDependency */,
			);
			fileSystemSynchronizedGroups = (
				7DCC5EE02CEC7BC8002108B0 /* VoxellianTests */,
			);
			name = VoxellianTests;
			packageProductDependencies = (
			);
			productName = VoxellianTests;
			productReference = 7DCC5EDD2CEC7BC8002108B0 /* VoxellianTests.xctest */;
			productType = "com.apple.product-type.bundle.unit-test";
		};
		7DCC5EE62CEC7BC8002108B0 /* VoxellianUITests */ = {
			isa = PBXNativeTarget;
			buildConfigurationList = 7DCC5EF72CEC7BC8002108B0 /* Build configuration list for PBXNativeTarget "VoxellianUITests" */;
			buildPhases = (
				7DCC5EE32CEC7BC8002108B0 /* Sources */,
				7DCC5EE42CEC7BC8002108B0 /* Frameworks */,
				7DCC5EE52CEC7BC8002108B0 /* Resources */,
			);
			buildRules = (
			);
			dependencies = (
				7DCC5EE92CEC7BC8002108B0 /* PBXTargetDependency */,
			);
			fileSystemSynchronizedGroups = (
				7DCC5EEA2CEC7BC8002108B0 /* VoxellianUITests */,
			);
			name = VoxellianUITests;
			packageProductDependencies = (
			);
			productName = VoxellianUITests;
			productReference = 7DCC5EE72CEC7BC8002108B0 /* VoxellianUITests.xctest */;
			productType = "com.apple.product-type.bundle.ui-testing";
		};
/* End PBXNativeTarget section */

/* Begin PBXProject section */
		7DCC5EC42CEC7BC7002108B0 /* Project object */ = {
			isa = PBXProject;
			attributes = {
				BuildIndependentTargetsInParallel = 1;
				LastSwiftUpdateCheck = 1600;
				LastUpgradeCheck = 1600;
				TargetAttributes = {
					7DCC5ECB2CEC7BC7002108B0 = {
						CreatedOnToolsVersion = 16.0;
					};
					7DCC5EDC2CEC7BC8002108B0 = {
						CreatedOnToolsVersion = 16.0;
						TestTargetID = 7DCC5ECB2CEC7BC7002108B0;
					};
					7DCC5EE62CEC7BC8002108B0 = {
						CreatedOnToolsVersion = 16.0;
						TestTargetID = 7DCC5ECB2CEC7BC7002108B0;
					};
				};
			};
			buildConfigurationList = 7DCC5EC72CEC7BC7002108B0 /* Build configuration list for PBXProject "Voxellian" */;
			developmentRegion = en;
			hasScannedForEncodings = 0;
			knownRegions = (
				en,
				Base,
			);
			mainGroup = 7DCC5EC32CEC7BC7002108B0;
			minimizedProjectReferenceProxies = 1;
			preferredProjectObjectVersion = 77;
			productRefGroup = 7DCC5ECD2CEC7BC7002108B0 /* Products */;
			projectDirPath = "";
			projectRoot = "";
			targets = (
				7DCC5ECB2CEC7BC7002108B0 /* Voxellian */,
				7DCC5EDC2CEC7BC8002108B0 /* VoxellianTests */,
				7DCC5EE62CEC7BC8002108B0 /* VoxellianUITests */,
			);
		};
/* End PBXProject section */

/* Begin PBXResourcesBuildPhase section */
		7DCC5ECA2CEC7BC7002108B0 /* Resources */ = {
			isa = PBXResourcesBuildPhase;
			buildActionMask = 2147483647;
			files = (
			);
			runOnlyForDeploymentPostprocessing = 0;
		};
		7DCC5EDB2CEC7BC8002108B0 /* Resources */ = {
			isa = PBXResourcesBuildPhase;
			buildActionMask = 2147483647;
			files = (
			);
			runOnlyForDeploymentPostprocessing = 0;
		};
		7DCC5EE52CEC7BC8002108B0 /* Resources */ = {
			isa = PBXResourcesBuildPhase;
			buildActionMask = 2147483647;
			files = (
			);
			runOnlyForDeploymentPostprocessing = 0;
		};
/* End PBXResourcesBuildPhase section */

/* Begin PBXSourcesBuildPhase section */
		7DCC5EC82CEC7BC7002108B0 /* Sources */ = {
			isa = PBXSourcesBuildPhase;
			buildActionMask = 2147483647;
			files = (
			);
			runOnlyForDeploymentPostprocessing = 0;
		};
		7DCC5ED92CEC7BC8002108B0 /* Sources */ = {
			isa = PBXSourcesBuildPhase;
			buildActionMask = 2147483647;
			files = (
			);
			runOnlyForDeploymentPostprocessing = 0;
		};
		7DCC5EE32CEC7BC8002108B0 /* Sources */ = {
			isa = PBXSourcesBuildPhase;
			buildActionMask = 2147483647;
			files = (
			);
			runOnlyForDeploymentPostprocessing = 0;
		};
/* End PBXSourcesBuildPhase section */

/* Begin PBXTargetDependency section */
		7DCC5EDF2CEC7BC8002108B0 /* PBXTargetDependency */ = {
			isa = PBXTargetDependency;
			target = 7DCC5ECB2CEC7BC7002108B0 /* Voxellian */;
			targetProxy = 7DCC5EDE2CEC7BC8002108B0 /* PBXContainerItemProxy */;
		};
		7DCC5EE92CEC7BC8002108B0 /* PBXTargetDependency */ = {
			isa = PBXTargetDependency;
			target = 7DCC5ECB2CEC7BC7002108B0 /* Voxellian */;
			targetProxy = 7DCC5EE82CEC7BC8002108B0 /* PBXContainerItemProxy */;
		};
/* End PBXTargetDependency section */

/* Begin XCBuildConfiguration section */
		7DCC5EEF2CEC7BC8002108B0 /* Debug */ = {
			isa = XCBuildConfiguration;
			buildSettings = {
				ALWAYS_SEARCH_USER_PATHS = NO;
				ASSETCATALOG_COMPILER_GENERATE_SWIFT_ASSET_SYMBOL_EXTENSIONS = YES;
				CLANG_ANALYZER_NONNULL = YES;
				CLANG_ANALYZER_NUMBER_OBJECT_CONVERSION = YES_AGGRESSIVE;
				CLANG_CXX_LANGUAGE_STANDARD = "gnu++20";
				CLANG_ENABLE_MODULES = YES;
				CLANG_ENABLE_OBJC_ARC = YES;
				CLANG_ENABLE_OBJC_WEAK = YES;
				CLANG_WARN_BLOCK_CAPTURE_AUTORELEASING = YES;
				CLANG_WARN_BOOL_CONVERSION = YES;
				CLANG_WARN_COMMA = YES;
				CLANG_WARN_CONSTANT_CONVERSION = YES;
				CLANG_WARN_DEPRECATED_OBJC_IMPLEMENTATIONS = YES;
				CLANG_WARN_DIRECT_OBJC_ISA_USAGE = YES_ERROR;
				CLANG_WARN_DOCUMENTATION_COMMENTS = YES;
				CLANG_WARN_EMPTY_BODY = YES;
				CLANG_WARN_ENUM_CONVERSION = YES;
				CLANG_WARN_INFINITE_RECURSION = YES;
				CLANG_WARN_INT_CONVERSION = YES;
				CLANG_WARN_NON_LITERAL_NULL_CONVERSION = YES;
				CLANG_WARN_OBJC_IMPLICIT_RETAIN_SELF = YES;
				CLANG_WARN_OBJC_LITERAL_CONVERSION = YES;
				CLANG_WARN_OBJC_ROOT_CLASS = YES_ERROR;
				CLANG_WARN_QUOTED_INCLUDE_IN_FRAMEWORK_HEADER = YES;
				CLANG_WARN_RANGE_LOOP_ANALYSIS = YES;
				CLANG_WARN_STRICT_PROTOTYPES = YES;
				CLANG_WARN_SUSPICIOUS_MOVE = YES;
				CLANG_WARN_UNGUARDED_AVAILABILITY = YES_AGGRESSIVE;
				CLANG_WARN_UNREACHABLE_CODE = YES;
				CLANG_WARN__DUPLICATE_METHOD_MATCH = YES;
				COPY_PHASE_STRIP = NO;
				DEBUG_INFORMATION_FORMAT = dwarf;
				ENABLE_STRICT_OBJC_MSGSEND = YES;
				ENABLE_TESTABILITY = YES;
				ENABLE_USER_SCRIPT_SANDBOXING = YES;
				GCC_C_LANGUAGE_STANDARD = gnu17;
				GCC_DYNAMIC_NO_PIC = NO;
				GCC_NO_COMMON_BLOCKS = YES;
				GCC_OPTIMIZATION_LEVEL = 0;
				GCC_PREPROCESSOR_DEFINITIONS = (
					"DEBUG=1",
					"$(inherited)",
				);
				GCC_WARN_64_TO_32_BIT_CONVERSION = YES;
				GCC_WARN_ABOUT_RETURN_TYPE = YES_ERROR;
				GCC_WARN_UNDECLARED_SELECTOR = YES;
				GCC_WARN_UNINITIALIZED_AUTOS = YES_AGGRESSIVE;
				GCC_WARN_UNUSED_FUNCTION = YES;
				GCC_WARN_UNUSED_VARIABLE = YES;
				LOCALIZATION_PREFERS_STRING_CATALOGS = YES;
				MACOSX_DEPLOYMENT_TARGET = 15.0;
				MTL_ENABLE_DEBUG_INFO = INCLUDE_SOURCE;
				MTL_FAST_MATH = YES;
				ONLY_ACTIVE_ARCH = YES;
				SDKROOT = macosx;
				SWIFT_ACTIVE_COMPILATION_CONDITIONS = "DEBUG $(inherited)";
				SWIFT_OPTIMIZATION_LEVEL = "-Onone";
			};
			name = Debug;
		};
		7DCC5EF02CEC7BC8002108B0 /* Release */ = {
			isa = XCBuildConfiguration;
			buildSettings = {
				ALWAYS_SEARCH_USER_PATHS = NO;
				ASSETCATALOG_COMPILER_GENERATE_SWIFT_ASSET_SYMBOL_EXTENSIONS = YES;
				CLANG_ANALYZER_NONNULL = YES;
				CLANG_ANALYZER_NUMBER_OBJECT_CONVERSION = YES_AGGRESSIVE;
				CLANG_CXX_LANGUAGE_STANDARD = "gnu++20";
				CLANG_ENABLE_MODULES = YES;
				CLANG_ENABLE_OBJC_ARC = YES;
				CLANG_ENABLE_OBJC_WEAK = YES;
				CLANG_WARN_BLOCK_CAPTURE_AUTORELEASING = YES;
				CLANG_WARN_BOOL_CONVERSION = YES;
				CLANG_WARN_COMMA = YES;
				CLANG_WARN_CONSTANT_CONVERSION = YES;
				CLANG_WARN_DEPRECATED_OBJC_IMPLEMENTATIONS = YES;
				CLANG_WARN_DIRECT_OBJC_ISA_USAGE = YES_ERROR;
				CLANG_WARN_DOCUMENTATION_COMMENTS = YES;
				CLANG_WARN_EMPTY_BODY = YES;
				CLANG_WARN_ENUM_CONVERSION = YES;
				CLANG_WARN_INFINITE_RECURSION = YES;
				CLANG_WARN_INT_CONVERSION = YES;
				CLANG_WARN_NON_LITERAL_NULL_CONVERSION = YES;
				CLANG_WARN_OBJC_IMPLICIT_RETAIN_SELF = YES;
				CLANG_WARN_OBJC_LITERAL_CONVERSION = YES;
				CLANG_WARN_OBJC_ROOT_CLASS = YES_ERROR;
				CLANG_WARN_QUOTED_INCLUDE_IN_FRAMEWORK_HEADER = YES;
				CLANG_WARN_RANGE_LOOP_ANALYSIS = YES;
				CLANG_WARN_STRICT_PROTOTYPES = YES;
				CLANG_WARN_SUSPICIOUS_MOVE = YES;
				CLANG_WARN_UNGUARDED_AVAILABILITY = YES_AGGRESSIVE;
				CLANG_WARN_UNREACHABLE_CODE = YES;
				CLANG_WARN__DUPLICATE_METHOD_MATCH = YES;
				COPY_PHASE_STRIP = NO;
				DEBUG_INFORMATION_FORMAT = "dwarf-with-dsym";
				ENABLE_NS_ASSERTIONS = NO;
				ENABLE_STRICT_OBJC_MSGSEND = YES;
				ENABLE_USER_SCRIPT_SANDBOXING = YES;
				GCC_C_LANGUAGE_STANDARD = gnu17;
				GCC_NO_COMMON_BLOCKS = YES;
				GCC_WARN_64_TO_32_BIT_CONVERSION = YES;
				GCC_WARN_ABOUT_RETURN_TYPE = YES_ERROR;
				GCC_WARN_UNDECLARED_SELECTOR = YES;
				GCC_WARN_UNINITIALIZED_AUTOS = YES_AGGRESSIVE;
				GCC_WARN_UNUSED_FUNCTION = YES;
				GCC_WARN_UNUSED_VARIABLE = YES;
				LOCALIZATION_PREFERS_STRING_CATALOGS = YES;
				MACOSX_DEPLOYMENT_TARGET = 15.0;
				MTL_ENABLE_DEBUG_INFO = NO;
				MTL_FAST_MATH = YES;
				SDKROOT = macosx;
				SWIFT_COMPILATION_MODE = wholemodule;
			};
			name = Release;
		};
		7DCC5EF22CEC7BC8002108B0 /* Debug */ = {
			isa = XCBuildConfiguration;
			buildSettings = {
				ASSETCATALOG_COMPILER_APPICON_NAME = AppIcon;
				ASSETCATALOG_COMPILER_GLOBAL_ACCENT_COLOR_NAME = AccentColor;
				CODE_SIGN_ENTITLEMENTS = Voxellian/Voxellian.entitlements;
				CODE_SIGN_STYLE = Automatic;
				COMBINE_HIDPI_IMAGES = YES;
				CURRENT_PROJECT_VERSION = 1;
				DEVELOPMENT_ASSET_PATHS = "\"Voxellian/Preview Content\"";
				DEVELOPMENT_TEAM = 8U8368WPW4;
				ENABLE_HARDENED_RUNTIME = YES;
				ENABLE_PREVIEWS = YES;
				GENERATE_INFOPLIST_FILE = YES;
				INFOPLIST_KEY_NSHumanReadableCopyright = "";
				LD_RUNPATH_SEARCH_PATHS = (
					"$(inherited)",
					"@executable_path/../Frameworks",
				);
				MARKETING_VERSION = 1.0;
				PRODUCT_BUNDLE_IDENTIFIER = com.wtpisaac.Voxellian;
				PRODUCT_NAME = "$(TARGET_NAME)";
				SWIFT_EMIT_LOC_STRINGS = YES;
				SWIFT_VERSION = 5.0;
			};
			name = Debug;
		};
		7DCC5EF32CEC7BC8002108B0 /* Release */ = {
			isa = XCBuildConfiguration;
			buildSettings = {
				ASSETCATALOG_COMPILER_APPICON_NAME = AppIcon;
				ASSETCATALOG_COMPILER_GLOBAL_ACCENT_COLOR_NAME = AccentColor;
				CODE_SIGN_ENTITLEMENTS = Voxellian/Voxellian.entitlements;
				CODE_SIGN_STYLE = Automatic;
				COMBINE_HIDPI_IMAGES = YES;
				CURRENT_PROJECT_VERSION = 1;
				DEVELOPMENT_ASSET_PATHS = "\"Voxellian/Preview Content\"";
				DEVELOPMENT_TEAM = 8U8368WPW4;
				ENABLE_HARDENED_RUNTIME = YES;
				ENABLE_PREVIEWS = YES;
				GENERATE_INFOPLIST_FILE = YES;
				INFOPLIST_KEY_NSHumanReadableCopyright = "";
				LD_RUNPATH_SEARCH_PATHS = (
					"$(inherited)",
					"@executable_path/../Frameworks",
				);
				MARKETING_VERSION = 1.0;
				PRODUCT_BUNDLE_IDENTIFIER = com.wtpisaac.Voxellian;
				PRODUCT_NAME = "$(TARGET_NAME)";
				SWIFT_EMIT_LOC_STRINGS = YES;
				SWIFT_VERSION = 5.0;
			};
			name = Release;
		};
		7DCC5EF52CEC7BC8002108B0 /* Debug */ = {
			isa = XCBuildConfiguration;
			buildSettings = {
				BUNDLE_LOADER = "$(TEST_HOST)";
				CODE_SIGN_STYLE = Automatic;
				CURRENT_PROJECT_VERSION = 1;
				DEVELOPMENT_TEAM = 8U8368WPW4;
				GENERATE_INFOPLIST_FILE = YES;
				MACOSX_DEPLOYMENT_TARGET = 15.0;
				MARKETING_VERSION = 1.0;
				PRODUCT_BUNDLE_IDENTIFIER = com.wtpisaac.VoxellianTests;
				PRODUCT_NAME = "$(TARGET_NAME)";
				SWIFT_EMIT_LOC_STRINGS = NO;
				SWIFT_VERSION = 5.0;
				TEST_HOST = "$(BUILT_PRODUCTS_DIR)/Voxellian.app/$(BUNDLE_EXECUTABLE_FOLDER_PATH)/Voxellian";
			};
			name = Debug;
		};
		7DCC5EF62CEC7BC8002108B0 /* Release */ = {
			isa = XCBuildConfiguration;
			buildSettings = {
				BUNDLE_LOADER = "$(TEST_HOST)";
				CODE_SIGN_STYLE = Automatic;
				CURRENT_PROJECT_VERSION = 1;
				DEVELOPMENT_TEAM = 8U8368WPW4;
				GENERATE_INFOPLIST_FILE = YES;
				MACOSX_DEPLOYMENT_TARGET = 15.0;
				MARKETING_VERSION = 1.0;
				PRODUCT_BUNDLE_IDENTIFIER = com.wtpisaac.VoxellianTests;
				PRODUCT_NAME = "$(TARGET_NAME)";
				SWIFT_EMIT_LOC_STRINGS = NO;
				SWIFT_VERSION = 5.0;
				TEST_HOST = "$(BUILT_PRODUCTS_DIR)/Voxellian.app/$(BUNDLE_EXECUTABLE_FOLDER_PATH)/Voxellian";
			};
			name = Release;
		};
		7DCC5EF82CEC7BC8002108B0 /* Debug */ = {
			isa = XCBuildConfiguration;
			buildSettings = {
				CODE_SIGN_STYLE = Automatic;
				CURRENT_PROJECT_VERSION = 1;
				DEVELOPMENT_TEAM = 8U8368WPW4;
				GENERATE_INFOPLIST_FILE = YES;
				MARKETING_VERSION = 1.0;
				PRODUCT_BUNDLE_IDENTIFIER = com.wtpisaac.VoxellianUITests;
				PRODUCT_NAME = "$(TARGET_NAME)";
				SWIFT_EMIT_LOC_STRINGS = NO;
				SWIFT_VERSION = 5.0;
				TEST_TARGET_NAME = Voxellian;
			};
			name = Debug;
		};
		7DCC5EF92CEC7BC8002108B0 /* Release */ = {
			isa = XCBuildConfiguration;
			buildSettings = {
				CODE_SIGN_STYLE = Automatic;
				CURRENT_PROJECT_VERSION = 1;
				DEVELOPMENT_TEAM = 8U8368WPW4;
				GENERATE_INFOPLIST_FILE = YES;
				MARKETING_VERSION = 1.0;
				PRODUCT_BUNDLE_IDENTIFIER = com.wtpisaac.VoxellianUITests;
				PRODUCT_NAME = "$(TARGET_NAME)";
				SWIFT_EMIT_LOC_STRINGS = NO;
				SWIFT_VERSION = 5.0;
				TEST_TARGET_NAME = Voxellian;
			};
			name = Release;
		};
/* End XCBuildConfiguration section */

/* Begin XCConfigurationList section */
		7DCC5EC72CEC7BC7002108B0 /* Build configuration list for PBXProject "Voxellian" */ = {
			isa = XCConfigurationList;
			buildConfigurations = (
				7DCC5EEF2CEC7BC8002108B0 /* Debug */,
				7DCC5EF02CEC7BC8002108B0 /* Release */,
			);
			defaultConfigurationIsVisible = 0;
			defaultConfigurationName = Release;
		};
		7DCC5EF12CEC7BC8002108B0 /* Build configuration list for PBXNativeTarget "Voxellian" */ = {
			isa = XCConfigurationList;
			buildConfigurations = (
				7DCC5EF22CEC7BC8002108B0 /* Debug */,
				7DCC5EF32CEC7BC8002108B0 /* Release */,
			);
			defaultConfigurationIsVisible = 0;
			defaultConfigurationName = Release;
		};
		7DCC5EF42CEC7BC8002108B0 /* Build configuration list for PBXNativeTarget "VoxellianTests" */ = {
			isa = XCConfigurationList;
			buildConfigurations = (
				7DCC5EF52CEC7BC8002108B0 /* Debug */,
				7DCC5EF62CEC7BC8002108B0 /* Release */,
			);
			defaultConfigurationIsVisible = 0;
			defaultConfigurationName = Release;
		};
		7DCC5EF72CEC7BC8002108B0 /* Build configuration list for PBXNativeTarget "VoxellianUITests" */ = {
			isa = XCConfigurationList;
			buildConfigurations = (
				7DCC5EF82CEC7BC8002108B0 /* Debug */,
				7DCC5EF92CEC7BC8002108B0 /* Release */,
			);
			defaultConfigurationIsVisible = 0;
			defaultConfigurationName = Release;
		};
/* End XCConfigurationList section */
	};
	rootObject = 7DCC5EC42CEC7BC7002108B0 /* Project object */;
}
